PODS:
  - Alamofire (3.4.1)
  - PopupController (0.1.1)
  - RAMAnimatedTabBarController (1.5.3)
  - SwiftyJSON (2.3.2)

DEPENDENCIES:
  - Alamofire (~> 3.4)
  - PopupController
  - RAMAnimatedTabBarController
  - SwiftyJSON

SPEC CHECKSUMS:
  Alamofire: 01a82e2f6c0f860ade35534c8dd88be61bdef40c
  PopupController: 3cac2aeeeeeb17e3e64a0e3f85c66299bfc2d276
  RAMAnimatedTabBarController: 04b624cf8958a0032bf7fa9c0f2c515f59d30b9c
  SwiftyJSON: 04ccea08915aa0109039157c7974cf0298da292a

PODFILE CHECKSUM: 808b4c954989d873a1a2b9f09adf59cd8ae3df32

COCOAPODS: 1.0.1
