// !$*UTF8*$!
{
	archiveVersion = 1;
	classes = {
	};
	objectVersion = 46;
	objects = {

/* Begin PBXBuildFile section */
		1A5CB7E61D380AE300A57213 /* Default-568h@2x.png in Resources */ = {isa = PBXBuildFile; fileRef = 1A5CB7E51D380AE300A57213 /* Default-568h@2x.png */; };
		1A5F5C0E1D39D25E004B3971 /* SettingSubView.xib in Resources */ = {isa = PBXBuildFile; fileRef = 1A5F5C0D1D39D25E004B3971 /* SettingSubView.xib */; };
		1A5F5C101D39D277004B3971 /* SettingSubView.swift in Sources */ = {isa = PBXBuildFile; fileRef = 1A5F5C0F1D39D277004B3971 /* SettingSubView.swift */; };
		1A6D37FF1D393704002DAD9B /* SettingsViewController.swift in Sources */ = {isa = PBXBuildFile; fileRef = 1A6D37FE1D393704002DAD9B /* SettingsViewController.swift */; };
		1A6D38011D3968EB002DAD9B /* Forecast.swift in Sources */ = {isa = PBXBuildFile; fileRef = 1A6D38001D3968EB002DAD9B /* Forecast.swift */; };
		1A6D38031D3968FE002DAD9B /* Coordinate.swift in Sources */ = {isa = PBXBuildFile; fileRef = 1A6D38021D3968FE002DAD9B /* Coordinate.swift */; };
		1AC05A091D381B6D00ED59FD /* SetupView.xib in Resources */ = {isa = PBXBuildFile; fileRef = 1AC05A081D381B6D00ED59FD /* SetupView.xib */; };
		1AC1B7431D38646E005DA71A /* Questions.plist in Resources */ = {isa = PBXBuildFile; fileRef = 1AC1B7421D38646E005DA71A /* Questions.plist */; };
		1AC1B7451D391242005DA71A /* MainViewController.swift in Sources */ = {isa = PBXBuildFile; fileRef = 1AC1B7441D391242005DA71A /* MainViewController.swift */; };
		1AC1B74B1D392CDB005DA71A /* Skycons.swift in Sources */ = {isa = PBXBuildFile; fileRef = 1AC1B74A1D392CDB005DA71A /* Skycons.swift */; };
		1AEA26EB1D380BEC00B3CD75 /* Assets.xcassets in Resources */ = {isa = PBXBuildFile; fileRef = 1AEA26EA1D380BEC00B3CD75 /* Assets.xcassets */; };
		1AEA26EF1D380C0100B3CD75 /* APIHelper.swift in Sources */ = {isa = PBXBuildFile; fileRef = 1AEA26EC1D380C0100B3CD75 /* APIHelper.swift */; };
		1AEA26F01D380C0100B3CD75 /* Constants.swift in Sources */ = {isa = PBXBuildFile; fileRef = 1AEA26ED1D380C0100B3CD75 /* Constants.swift */; };
		1AEA26F11D380C0100B3CD75 /* LoginHandler.swift in Sources */ = {isa = PBXBuildFile; fileRef = 1AEA26EE1D380C0100B3CD75 /* LoginHandler.swift */; };
		1AEA26F61D380C1100B3CD75 /* IntroScrollView.swift in Sources */ = {isa = PBXBuildFile; fileRef = 1AEA26F21D380C1100B3CD75 /* IntroScrollView.swift */; };
		1AEA26F71D380C1100B3CD75 /* PopupView.storyboard in Resources */ = {isa = PBXBuildFile; fileRef = 1AEA26F31D380C1100B3CD75 /* PopupView.storyboard */; };
		1AEA26F81D380C1100B3CD75 /* PopupView.swift in Sources */ = {isa = PBXBuildFile; fileRef = 1AEA26F41D380C1100B3CD75 /* PopupView.swift */; };
		1AEA26F91D380C1100B3CD75 /* SetupView.swift in Sources */ = {isa = PBXBuildFile; fileRef = 1AEA26F51D380C1100B3CD75 /* SetupView.swift */; };
		1AEA26FE1D380C3A00B3CD75 /* IntroViewController.swift in Sources */ = {isa = PBXBuildFile; fileRef = 1AEA26FC1D380C3A00B3CD75 /* IntroViewController.swift */; };
		1AEA26FF1D380C3A00B3CD75 /* SetupViewController.swift in Sources */ = {isa = PBXBuildFile; fileRef = 1AEA26FD1D380C3A00B3CD75 /* SetupViewController.swift */; };
		1AEA27011D380C4900B3CD75 /* AppDelegate.swift in Sources */ = {isa = PBXBuildFile; fileRef = 1AEA27001D380C4900B3CD75 /* AppDelegate.swift */; };
		1AEA27041D380C5800B3CD75 /* Main.storyboard in Resources */ = {isa = PBXBuildFile; fileRef = 1AEA27021D380C5800B3CD75 /* Main.storyboard */; };
		1AEA27161D380FF400B3CD75 /* LaunchScreen.storyboard in Resources */ = {isa = PBXBuildFile; fileRef = 1AEA27141D380FF400B3CD75 /* LaunchScreen.storyboard */; };
		7214D69D0C0649E5F17B95FB /* Pods_1CastTests.framework in Frameworks */ = {isa = PBXBuildFile; fileRef = CEA45AE1849BE775BEBC4557 /* Pods_1CastTests.framework */; };
		9C635E44D971C15B838CD586 /* Pods_1CastUITests.framework in Frameworks */ = {isa = PBXBuildFile; fileRef = 87562C6A391EDED2B47E616B /* Pods_1CastUITests.framework */; };
		F13BC99614926A6B968CC570 /* Pods_1Cast.framework in Frameworks */ = {isa = PBXBuildFile; fileRef = 09A2612F4B12FF60DD18D456 /* Pods_1Cast.framework */; };
/* End PBXBuildFile section */

/* Begin PBXContainerItemProxy section */
		1AE7B5001D09E95F00D0DC9F /* PBXContainerItemProxy */ = {
			isa = PBXContainerItemProxy;
			containerPortal = 1AE7B4E01D09E95E00D0DC9F /* Project object */;
			proxyType = 1;
			remoteGlobalIDString = 1AE7B4E71D09E95E00D0DC9F;
			remoteInfo = Weather;
		};
		1AE7B50B1D09E95F00D0DC9F /* PBXContainerItemProxy */ = {
			isa = PBXContainerItemProxy;
			containerPortal = 1AE7B4E01D09E95E00D0DC9F /* Project object */;
			proxyType = 1;
			remoteGlobalIDString = 1AE7B4E71D09E95E00D0DC9F;
			remoteInfo = Weather;
		};
/* End PBXContainerItemProxy section */

/* Begin PBXFileReference section */
		09A2612F4B12FF60DD18D456 /* Pods_1Cast.framework */ = {isa = PBXFileReference; explicitFileType = wrapper.framework; includeInIndex = 0; path = Pods_1Cast.framework; sourceTree = BUILT_PRODUCTS_DIR; };
		1A5CB7E51D380AE300A57213 /* Default-568h@2x.png */ = {isa = PBXFileReference; lastKnownFileType = image.png; path = "Default-568h@2x.png"; sourceTree = "<group>"; };
		1A5F5C0D1D39D25E004B3971 /* SettingSubView.xib */ = {isa = PBXFileReference; fileEncoding = 4; lastKnownFileType = file.xib; path = SettingSubView.xib; sourceTree = SOURCE_ROOT; };
		1A5F5C0F1D39D277004B3971 /* SettingSubView.swift */ = {isa = PBXFileReference; fileEncoding = 4; lastKnownFileType = sourcecode.swift; path = SettingSubView.swift; sourceTree = SOURCE_ROOT; };
		1A6D37FE1D393704002DAD9B /* SettingsViewController.swift */ = {isa = PBXFileReference; fileEncoding = 4; lastKnownFileType = sourcecode.swift; path = SettingsViewController.swift; sourceTree = SOURCE_ROOT; };
		1A6D38001D3968EB002DAD9B /* Forecast.swift */ = {isa = PBXFileReference; fileEncoding = 4; lastKnownFileType = sourcecode.swift; path = Forecast.swift; sourceTree = SOURCE_ROOT; };
		1A6D38021D3968FE002DAD9B /* Coordinate.swift */ = {isa = PBXFileReference; fileEncoding = 4; lastKnownFileType = sourcecode.swift; path = Coordinate.swift; sourceTree = SOURCE_ROOT; };
		1AC05A081D381B6D00ED59FD /* SetupView.xib */ = {isa = PBXFileReference; fileEncoding = 4; lastKnownFileType = file.xib; path = SetupView.xib; sourceTree = SOURCE_ROOT; };
		1AC1B7421D38646E005DA71A /* Questions.plist */ = {isa = PBXFileReference; fileEncoding = 4; lastKnownFileType = text.plist.xml; path = Questions.plist; sourceTree = SOURCE_ROOT; };
		1AC1B7441D391242005DA71A /* MainViewController.swift */ = {isa = PBXFileReference; fileEncoding = 4; lastKnownFileType = sourcecode.swift; path = MainViewController.swift; sourceTree = SOURCE_ROOT; };
		1AC1B74A1D392CDB005DA71A /* Skycons.swift */ = {isa = PBXFileReference; fileEncoding = 4; lastKnownFileType = sourcecode.swift; path = Skycons.swift; sourceTree = SOURCE_ROOT; };
		1AE7B4E81D09E95E00D0DC9F /* OneCast.app */ = {isa = PBXFileReference; explicitFileType = wrapper.application; includeInIndex = 0; path = OneCast.app; sourceTree = BUILT_PRODUCTS_DIR; };
		1AE7B4FF1D09E95F00D0DC9F /* OneCast.xctest */ = {isa = PBXFileReference; explicitFileType = wrapper.cfbundle; includeInIndex = 0; path = OneCast.xctest; sourceTree = BUILT_PRODUCTS_DIR; };
		1AE7B50A1D09E95F00D0DC9F /* OneCast.xctest */ = {isa = PBXFileReference; explicitFileType = wrapper.cfbundle; includeInIndex = 0; path = OneCast.xctest; sourceTree = BUILT_PRODUCTS_DIR; };
		1AEA26E81D380BE200B3CD75 /* Info.plist */ = {isa = PBXFileReference; fileEncoding = 4; lastKnownFileType = text.plist.xml; name = Info.plist; path = 1Cast/Info.plist; sourceTree = SOURCE_ROOT; };
		1AEA26EA1D380BEC00B3CD75 /* Assets.xcassets */ = {isa = PBXFileReference; lastKnownFileType = folder.assetcatalog; name = Assets.xcassets; path = 1Cast/Assets.xcassets; sourceTree = SOURCE_ROOT; };
		1AEA26EC1D380C0100B3CD75 /* APIHelper.swift */ = {isa = PBXFileReference; fileEncoding = 4; lastKnownFileType = sourcecode.swift; name = APIHelper.swift; path = 1Cast/APIHelper.swift; sourceTree = SOURCE_ROOT; };
		1AEA26ED1D380C0100B3CD75 /* Constants.swift */ = {isa = PBXFileReference; fileEncoding = 4; lastKnownFileType = sourcecode.swift; name = Constants.swift; path = 1Cast/Constants.swift; sourceTree = SOURCE_ROOT; };
		1AEA26EE1D380C0100B3CD75 /* LoginHandler.swift */ = {isa = PBXFileReference; fileEncoding = 4; lastKnownFileType = sourcecode.swift; name = LoginHandler.swift; path = 1Cast/LoginHandler.swift; sourceTree = SOURCE_ROOT; };
		1AEA26F21D380C1100B3CD75 /* IntroScrollView.swift */ = {isa = PBXFileReference; fileEncoding = 4; lastKnownFileType = sourcecode.swift; name = IntroScrollView.swift; path = 1Cast/IntroScrollView.swift; sourceTree = SOURCE_ROOT; };
		1AEA26F31D380C1100B3CD75 /* PopupView.storyboard */ = {isa = PBXFileReference; fileEncoding = 4; lastKnownFileType = file.storyboard; name = PopupView.storyboard; path = 1Cast/PopupView.storyboard; sourceTree = SOURCE_ROOT; };
		1AEA26F41D380C1100B3CD75 /* PopupView.swift */ = {isa = PBXFileReference; fileEncoding = 4; lastKnownFileType = sourcecode.swift; name = PopupView.swift; path = 1Cast/PopupView.swift; sourceTree = SOURCE_ROOT; };
		1AEA26F51D380C1100B3CD75 /* SetupView.swift */ = {isa = PBXFileReference; fileEncoding = 4; lastKnownFileType = sourcecode.swift; name = SetupView.swift; path = 1Cast/SetupView.swift; sourceTree = SOURCE_ROOT; };
		1AEA26FC1D380C3A00B3CD75 /* IntroViewController.swift */ = {isa = PBXFileReference; fileEncoding = 4; lastKnownFileType = sourcecode.swift; name = IntroViewController.swift; path = 1Cast/IntroViewController.swift; sourceTree = SOURCE_ROOT; };
		1AEA26FD1D380C3A00B3CD75 /* SetupViewController.swift */ = {isa = PBXFileReference; fileEncoding = 4; lastKnownFileType = sourcecode.swift; name = SetupViewController.swift; path = 1Cast/SetupViewController.swift; sourceTree = SOURCE_ROOT; };
		1AEA27001D380C4900B3CD75 /* AppDelegate.swift */ = {isa = PBXFileReference; fileEncoding = 4; lastKnownFileType = sourcecode.swift; name = AppDelegate.swift; path = 1Cast/AppDelegate.swift; sourceTree = SOURCE_ROOT; };
		1AEA27031D380C5800B3CD75 /* Base */ = {isa = PBXFileReference; lastKnownFileType = file.storyboard; name = Base; path = 1Cast/Base.lproj/Main.storyboard; sourceTree = SOURCE_ROOT; };
		1AEA27151D380FF400B3CD75 /* Base */ = {isa = PBXFileReference; lastKnownFileType = file.storyboard; name = Base; path = 1Cast/Base.lproj/LaunchScreen.storyboard; sourceTree = SOURCE_ROOT; };
		23055982948D4E044315517A /* Pods-1CastTests.debug.xcconfig */ = {isa = PBXFileReference; includeInIndex = 1; lastKnownFileType = text.xcconfig; name = "Pods-1CastTests.debug.xcconfig"; path = "Pods/Target Support Files/Pods-1CastTests/Pods-1CastTests.debug.xcconfig"; sourceTree = "<group>"; };
		23EAC2417075C9FBE075F054 /* Pods-1CastUITests.release.xcconfig */ = {isa = PBXFileReference; includeInIndex = 1; lastKnownFileType = text.xcconfig; name = "Pods-1CastUITests.release.xcconfig"; path = "Pods/Target Support Files/Pods-1CastUITests/Pods-1CastUITests.release.xcconfig"; sourceTree = "<group>"; };
		4CC1621C46B78B21E48D5A23 /* Pods-1Cast.debug.xcconfig */ = {isa = PBXFileReference; includeInIndex = 1; lastKnownFileType = text.xcconfig; name = "Pods-1Cast.debug.xcconfig"; path = "Pods/Target Support Files/Pods-1Cast/Pods-1Cast.debug.xcconfig"; sourceTree = "<group>"; };
		558D770B2016DD9A01606E92 /* Pods-1Cast.release.xcconfig */ = {isa = PBXFileReference; includeInIndex = 1; lastKnownFileType = text.xcconfig; name = "Pods-1Cast.release.xcconfig"; path = "Pods/Target Support Files/Pods-1Cast/Pods-1Cast.release.xcconfig"; sourceTree = "<group>"; };
		87562C6A391EDED2B47E616B /* Pods_1CastUITests.framework */ = {isa = PBXFileReference; explicitFileType = wrapper.framework; includeInIndex = 0; path = Pods_1CastUITests.framework; sourceTree = BUILT_PRODUCTS_DIR; };
		90DB478546FFFAA5F73FA004 /* Pods-1CastUITests.debug.xcconfig */ = {isa = PBXFileReference; includeInIndex = 1; lastKnownFileType = text.xcconfig; name = "Pods-1CastUITests.debug.xcconfig"; path = "Pods/Target Support Files/Pods-1CastUITests/Pods-1CastUITests.debug.xcconfig"; sourceTree = "<group>"; };
		9743D02DDC96DBC8B4BB608D /* Pods_Weather.framework */ = {isa = PBXFileReference; explicitFileType = wrapper.framework; includeInIndex = 0; path = Pods_Weather.framework; sourceTree = BUILT_PRODUCTS_DIR; };
		CEA45AE1849BE775BEBC4557 /* Pods_1CastTests.framework */ = {isa = PBXFileReference; explicitFileType = wrapper.framework; includeInIndex = 0; path = Pods_1CastTests.framework; sourceTree = BUILT_PRODUCTS_DIR; };
		F83CCC12B935A8551DC2C3E7 /* Pods-1CastTests.release.xcconfig */ = {isa = PBXFileReference; includeInIndex = 1; lastKnownFileType = text.xcconfig; name = "Pods-1CastTests.release.xcconfig"; path = "Pods/Target Support Files/Pods-1CastTests/Pods-1CastTests.release.xcconfig"; sourceTree = "<group>"; };
/* End PBXFileReference section */

/* Begin PBXFrameworksBuildPhase section */
		1AE7B4E51D09E95E00D0DC9F /* Frameworks */ = {
			isa = PBXFrameworksBuildPhase;
			buildActionMask = 2147483647;
			files = (
				F13BC99614926A6B968CC570 /* Pods_1Cast.framework in Frameworks */,
			);
			runOnlyForDeploymentPostprocessing = 0;
		};
		1AE7B4FC1D09E95F00D0DC9F /* Frameworks */ = {
			isa = PBXFrameworksBuildPhase;
			buildActionMask = 2147483647;
			files = (
				7214D69D0C0649E5F17B95FB /* Pods_1CastTests.framework in Frameworks */,
			);
			runOnlyForDeploymentPostprocessing = 0;
		};
		1AE7B5071D09E95F00D0DC9F /* Frameworks */ = {
			isa = PBXFrameworksBuildPhase;
			buildActionMask = 2147483647;
			files = (
				9C635E44D971C15B838CD586 /* Pods_1CastUITests.framework in Frameworks */,
			);
			runOnlyForDeploymentPostprocessing = 0;
		};
/* End PBXFrameworksBuildPhase section */

/* Begin PBXGroup section */
		1A39FE7CAF6E81E916F449D1 /* Frameworks */ = {
			isa = PBXGroup;
			children = (
				9743D02DDC96DBC8B4BB608D /* Pods_Weather.framework */,
				09A2612F4B12FF60DD18D456 /* Pods_1Cast.framework */,
				CEA45AE1849BE775BEBC4557 /* Pods_1CastTests.framework */,
				87562C6A391EDED2B47E616B /* Pods_1CastUITests.framework */,
			);
			name = Frameworks;
			sourceTree = "<group>";
		};
		1AA3C52F1D37C0F500858120 /* Supporting Files */ = {
			isa = PBXGroup;
			children = (
				1AEA26EA1D380BEC00B3CD75 /* Assets.xcassets */,
				1AEA26E81D380BE200B3CD75 /* Info.plist */,
				1AC1B7421D38646E005DA71A /* Questions.plist */,
			);
			name = "Supporting Files";
			sourceTree = "<group>";
		};
		1AB637F01D36978500176FC1 /* Controllers */ = {
			isa = PBXGroup;
			children = (
				1AEA26FC1D380C3A00B3CD75 /* IntroViewController.swift */,
				1AEA26FD1D380C3A00B3CD75 /* SetupViewController.swift */,
				1AC1B7441D391242005DA71A /* MainViewController.swift */,
				1A6D37FE1D393704002DAD9B /* SettingsViewController.swift */,
			);
			name = Controllers;
			sourceTree = "<group>";
		};
		1AB637F11D36979400176FC1 /* Views */ = {
			isa = PBXGroup;
			children = (
				1AEA26F21D380C1100B3CD75 /* IntroScrollView.swift */,
				1AEA26F41D380C1100B3CD75 /* PopupView.swift */,
				1AEA26F31D380C1100B3CD75 /* PopupView.storyboard */,
				1AEA26F51D380C1100B3CD75 /* SetupView.swift */,
				1AC05A081D381B6D00ED59FD /* SetupView.xib */,
				1AC1B74A1D392CDB005DA71A /* Skycons.swift */,
				1A5F5C0F1D39D277004B3971 /* SettingSubView.swift */,
				1A5F5C0D1D39D25E004B3971 /* SettingSubView.xib */,
			);
			name = Views;
			sourceTree = "<group>";
		};
		1AB637F21D36979B00176FC1 /* Models */ = {
			isa = PBXGroup;
			children = (
				1A6D38001D3968EB002DAD9B /* Forecast.swift */,
				1A6D38021D3968FE002DAD9B /* Coordinate.swift */,
			);
			name = Models;
			sourceTree = "<group>";
		};
		1AB6380B1D36D91600176FC1 /* Services */ = {
			isa = PBXGroup;
			children = (
				1AEA26EC1D380C0100B3CD75 /* APIHelper.swift */,
				1AEA26ED1D380C0100B3CD75 /* Constants.swift */,
				1AEA26EE1D380C0100B3CD75 /* LoginHandler.swift */,
			);
			name = Services;
			sourceTree = "<group>";
		};
		1AE7B4DF1D09E95E00D0DC9F = {
			isa = PBXGroup;
			children = (
				1A5CB7E51D380AE300A57213 /* Default-568h@2x.png */,
				1AE7B4EA1D09E95E00D0DC9F /* 1Cast */,
				1AE7B4E91D09E95E00D0DC9F /* Products */,
				C4537DF2D7030FFA88604A97 /* Pods */,
				1A39FE7CAF6E81E916F449D1 /* Frameworks */,
			);
			sourceTree = "<group>";
		};
		1AE7B4E91D09E95E00D0DC9F /* Products */ = {
			isa = PBXGroup;
			children = (
				1AE7B4E81D09E95E00D0DC9F /* OneCast.app */,
				1AE7B4FF1D09E95F00D0DC9F /* OneCast.xctest */,
				1AE7B50A1D09E95F00D0DC9F /* OneCast.xctest */,
			);
			name = Products;
			sourceTree = "<group>";
		};
		1AE7B4EA1D09E95E00D0DC9F /* 1Cast */ = {
			isa = PBXGroup;
			children = (
				1AEA27141D380FF400B3CD75 /* LaunchScreen.storyboard */,
				1AEA27021D380C5800B3CD75 /* Main.storyboard */,
				1AEA27001D380C4900B3CD75 /* AppDelegate.swift */,
				1AB637F21D36979B00176FC1 /* Models */,
				1AB637F11D36979400176FC1 /* Views */,
				1AB637F01D36978500176FC1 /* Controllers */,
				1AB6380B1D36D91600176FC1 /* Services */,
				1AA3C52F1D37C0F500858120 /* Supporting Files */,
			);
			name = 1Cast;
			path = Weather;
			sourceTree = "<group>";
		};
		C4537DF2D7030FFA88604A97 /* Pods */ = {
			isa = PBXGroup;
			children = (
				4CC1621C46B78B21E48D5A23 /* Pods-1Cast.debug.xcconfig */,
				558D770B2016DD9A01606E92 /* Pods-1Cast.release.xcconfig */,
				23055982948D4E044315517A /* Pods-1CastTests.debug.xcconfig */,
				F83CCC12B935A8551DC2C3E7 /* Pods-1CastTests.release.xcconfig */,
				90DB478546FFFAA5F73FA004 /* Pods-1CastUITests.debug.xcconfig */,
				23EAC2417075C9FBE075F054 /* Pods-1CastUITests.release.xcconfig */,
			);
			name = Pods;
			sourceTree = "<group>";
		};
/* End PBXGroup section */

/* Begin PBXNativeTarget section */
		1AE7B4E71D09E95E00D0DC9F /* OneCast */ = {
			isa = PBXNativeTarget;
			buildConfigurationList = 1AE7B5131D09E95F00D0DC9F /* Build configuration list for PBXNativeTarget "OneCast" */;
			buildPhases = (
				494C22F9FC8BCCF131B7BC2D /* [CP] Check Pods Manifest.lock */,
				1AE7B4E41D09E95E00D0DC9F /* Sources */,
				1AE7B4E51D09E95E00D0DC9F /* Frameworks */,
				1AE7B4E61D09E95E00D0DC9F /* Resources */,
				01C46EF4988D665F7608C91D /* [CP] Embed Pods Frameworks */,
				8EE8E33C25443C4BB7D71427 /* [CP] Copy Pods Resources */,
			);
			buildRules = (
			);
			dependencies = (
			);
			name = OneCast;
			productName = Weather;
			productReference = 1AE7B4E81D09E95E00D0DC9F /* OneCast.app */;
			productType = "com.apple.product-type.application";
		};
		1AE7B4FE1D09E95F00D0DC9F /* OneCastTests */ = {
			isa = PBXNativeTarget;
			buildConfigurationList = 1AE7B5161D09E95F00D0DC9F /* Build configuration list for PBXNativeTarget "OneCastTests" */;
			buildPhases = (
				7520A345C21D49C6A4C1F5F6 /* [CP] Check Pods Manifest.lock */,
				1AE7B4FB1D09E95F00D0DC9F /* Sources */,
				1AE7B4FC1D09E95F00D0DC9F /* Frameworks */,
				1AE7B4FD1D09E95F00D0DC9F /* Resources */,
				774EE61E47C5DB25F7499934 /* [CP] Embed Pods Frameworks */,
				53BF609B1F23A5D503DF7FA4 /* [CP] Copy Pods Resources */,
			);
			buildRules = (
			);
			dependencies = (
				1AE7B5011D09E95F00D0DC9F /* PBXTargetDependency */,
			);
			name = OneCastTests;
			productName = WeatherTests;
			productReference = 1AE7B4FF1D09E95F00D0DC9F /* OneCast.xctest */;
			productType = "com.apple.product-type.bundle.unit-test";
		};
		1AE7B5091D09E95F00D0DC9F /* OneCastUITests */ = {
			isa = PBXNativeTarget;
			buildConfigurationList = 1AE7B5191D09E95F00D0DC9F /* Build configuration list for PBXNativeTarget "OneCastUITests" */;
			buildPhases = (
				5CCC682E9B4237348FE5CB4F /* [CP] Check Pods Manifest.lock */,
				1AE7B5061D09E95F00D0DC9F /* Sources */,
				1AE7B5071D09E95F00D0DC9F /* Frameworks */,
				1AE7B5081D09E95F00D0DC9F /* Resources */,
				13DC31C5EC36DB262940ADF6 /* [CP] Copy Pods Resources */,
			);
			buildRules = (
			);
			dependencies = (
				1AE7B50C1D09E95F00D0DC9F /* PBXTargetDependency */,
			);
			name = OneCastUITests;
			productName = WeatherUITests;
			productReference = 1AE7B50A1D09E95F00D0DC9F /* OneCast.xctest */;
			productType = "com.apple.product-type.bundle.ui-testing";
		};
/* End PBXNativeTarget section */

/* Begin PBXProject section */
		1AE7B4E01D09E95E00D0DC9F /* Project object */ = {
			isa = PBXProject;
			attributes = {
				LastSwiftUpdateCheck = 0730;
				LastUpgradeCheck = 0800;
				ORGANIZATIONNAME = "Matt Gioe";
				TargetAttributes = {
					1AE7B4E71D09E95E00D0DC9F = {
						CreatedOnToolsVersion = 7.3.1;
						LastSwiftMigration = 0800;
					};
					1AE7B4FE1D09E95F00D0DC9F = {
						CreatedOnToolsVersion = 7.3.1;
						LastSwiftMigration = 0800;
						TestTargetID = 1AE7B4E71D09E95E00D0DC9F;
					};
					1AE7B5091D09E95F00D0DC9F = {
						CreatedOnToolsVersion = 7.3.1;
						LastSwiftMigration = 0800;
						TestTargetID = 1AE7B4E71D09E95E00D0DC9F;
					};
				};
			};
			buildConfigurationList = 1AE7B4E31D09E95E00D0DC9F /* Build configuration list for PBXProject "OneCast" */;
			compatibilityVersion = "Xcode 3.2";
			developmentRegion = English;
			hasScannedForEncodings = 0;
			knownRegions = (
				en,
				Base,
			);
			mainGroup = 1AE7B4DF1D09E95E00D0DC9F;
			productRefGroup = 1AE7B4E91D09E95E00D0DC9F /* Products */;
			projectDirPath = "";
			projectRoot = "";
			targets = (
				1AE7B4E71D09E95E00D0DC9F /* OneCast */,
				1AE7B4FE1D09E95F00D0DC9F /* OneCastTests */,
				1AE7B5091D09E95F00D0DC9F /* OneCastUITests */,
			);
		};
/* End PBXProject section */

/* Begin PBXResourcesBuildPhase section */
		1AE7B4E61D09E95E00D0DC9F /* Resources */ = {
			isa = PBXResourcesBuildPhase;
			buildActionMask = 2147483647;
			files = (
				1AC05A091D381B6D00ED59FD /* SetupView.xib in Resources */,
				1A5CB7E61D380AE300A57213 /* Default-568h@2x.png in Resources */,
				1AEA27041D380C5800B3CD75 /* Main.storyboard in Resources */,
				1AC1B7431D38646E005DA71A /* Questions.plist in Resources */,
				1AEA27161D380FF400B3CD75 /* LaunchScreen.storyboard in Resources */,
				1AEA26EB1D380BEC00B3CD75 /* Assets.xcassets in Resources */,
				1A5F5C0E1D39D25E004B3971 /* SettingSubView.xib in Resources */,
				1AEA26F71D380C1100B3CD75 /* PopupView.storyboard in Resources */,
			);
			runOnlyForDeploymentPostprocessing = 0;
		};
		1AE7B4FD1D09E95F00D0DC9F /* Resources */ = {
			isa = PBXResourcesBuildPhase;
			buildActionMask = 2147483647;
			files = (
			);
			runOnlyForDeploymentPostprocessing = 0;
		};
		1AE7B5081D09E95F00D0DC9F /* Resources */ = {
			isa = PBXResourcesBuildPhase;
			buildActionMask = 2147483647;
			files = (
			);
			runOnlyForDeploymentPostprocessing = 0;
		};
/* End PBXResourcesBuildPhase section */

/* Begin PBXShellScriptBuildPhase section */
		01C46EF4988D665F7608C91D /* [CP] Embed Pods Frameworks */ = {
			isa = PBXShellScriptBuildPhase;
			buildActionMask = 2147483647;
			files = (
			);
			inputPaths = (
			);
			name = "[CP] Embed Pods Frameworks";
			outputPaths = (
			);
			runOnlyForDeploymentPostprocessing = 0;
			shellPath = /bin/sh;
			shellScript = "\"${SRCROOT}/Pods/Target Support Files/Pods-1Cast/Pods-1Cast-frameworks.sh\"\n";
			showEnvVarsInLog = 0;
		};
		13DC31C5EC36DB262940ADF6 /* [CP] Copy Pods Resources */ = {
			isa = PBXShellScriptBuildPhase;
			buildActionMask = 2147483647;
			files = (
			);
			inputPaths = (
			);
			name = "[CP] Copy Pods Resources";
			outputPaths = (
			);
			runOnlyForDeploymentPostprocessing = 0;
			shellPath = /bin/sh;
			shellScript = "\"${SRCROOT}/Pods/Target Support Files/Pods-1CastUITests/Pods-1CastUITests-resources.sh\"\n";
			showEnvVarsInLog = 0;
		};
		494C22F9FC8BCCF131B7BC2D /* [CP] Check Pods Manifest.lock */ = {
			isa = PBXShellScriptBuildPhase;
			buildActionMask = 2147483647;
			files = (
			);
			inputPaths = (
			);
			name = "[CP] Check Pods Manifest.lock";
			outputPaths = (
			);
			runOnlyForDeploymentPostprocessing = 0;
			shellPath = /bin/sh;
			shellScript = "diff \"${PODS_ROOT}/../Podfile.lock\" \"${PODS_ROOT}/Manifest.lock\" > /dev/null\nif [[ $? != 0 ]] ; then\n    cat << EOM\nerror: The sandbox is not in sync with the Podfile.lock. Run 'pod install' or update your CocoaPods installation.\nEOM\n    exit 1\nfi\n";
			showEnvVarsInLog = 0;
		};
		53BF609B1F23A5D503DF7FA4 /* [CP] Copy Pods Resources */ = {
			isa = PBXShellScriptBuildPhase;
			buildActionMask = 2147483647;
			files = (
			);
			inputPaths = (
			);
			name = "[CP] Copy Pods Resources";
			outputPaths = (
			);
			runOnlyForDeploymentPostprocessing = 0;
			shellPath = /bin/sh;
			shellScript = "\"${SRCROOT}/Pods/Target Support Files/Pods-1CastTests/Pods-1CastTests-resources.sh\"\n";
			showEnvVarsInLog = 0;
		};
		5CCC682E9B4237348FE5CB4F /* [CP] Check Pods Manifest.lock */ = {
			isa = PBXShellScriptBuildPhase;
			buildActionMask = 2147483647;
			files = (
			);
			inputPaths = (
			);
			name = "[CP] Check Pods Manifest.lock";
			outputPaths = (
			);
			runOnlyForDeploymentPostprocessing = 0;
			shellPath = /bin/sh;
			shellScript = "diff \"${PODS_ROOT}/../Podfile.lock\" \"${PODS_ROOT}/Manifest.lock\" > /dev/null\nif [[ $? != 0 ]] ; then\n    cat << EOM\nerror: The sandbox is not in sync with the Podfile.lock. Run 'pod install' or update your CocoaPods installation.\nEOM\n    exit 1\nfi\n";
			showEnvVarsInLog = 0;
		};
		7520A345C21D49C6A4C1F5F6 /* [CP] Check Pods Manifest.lock */ = {
			isa = PBXShellScriptBuildPhase;
			buildActionMask = 2147483647;
			files = (
			);
			inputPaths = (
			);
			name = "[CP] Check Pods Manifest.lock";
			outputPaths = (
			);
			runOnlyForDeploymentPostprocessing = 0;
			shellPath = /bin/sh;
			shellScript = "diff \"${PODS_ROOT}/../Podfile.lock\" \"${PODS_ROOT}/Manifest.lock\" > /dev/null\nif [[ $? != 0 ]] ; then\n    cat << EOM\nerror: The sandbox is not in sync with the Podfile.lock. Run 'pod install' or update your CocoaPods installation.\nEOM\n    exit 1\nfi\n";
			showEnvVarsInLog = 0;
		};
		774EE61E47C5DB25F7499934 /* [CP] Embed Pods Frameworks */ = {
			isa = PBXShellScriptBuildPhase;
			buildActionMask = 2147483647;
			files = (
			);
			inputPaths = (
			);
			name = "[CP] Embed Pods Frameworks";
			outputPaths = (
			);
			runOnlyForDeploymentPostprocessing = 0;
			shellPath = /bin/sh;
			shellScript = "\"${SRCROOT}/Pods/Target Support Files/Pods-1CastTests/Pods-1CastTests-frameworks.sh\"\n";
			showEnvVarsInLog = 0;
		};
		8EE8E33C25443C4BB7D71427 /* [CP] Copy Pods Resources */ = {
			isa = PBXShellScriptBuildPhase;
			buildActionMask = 2147483647;
			files = (
			);
			inputPaths = (
			);
			name = "[CP] Copy Pods Resources";
			outputPaths = (
			);
			runOnlyForDeploymentPostprocessing = 0;
			shellPath = /bin/sh;
			shellScript = "\"${SRCROOT}/Pods/Target Support Files/Pods-1Cast/Pods-1Cast-resources.sh\"\n";
			showEnvVarsInLog = 0;
		};
/* End PBXShellScriptBuildPhase section */

/* Begin PBXSourcesBuildPhase section */
		1AE7B4E41D09E95E00D0DC9F /* Sources */ = {
			isa = PBXSourcesBuildPhase;
			buildActionMask = 2147483647;
			files = (
				1AEA26F81D380C1100B3CD75 /* PopupView.swift in Sources */,
				1A5F5C101D39D277004B3971 /* SettingSubView.swift in Sources */,
				1AEA26F11D380C0100B3CD75 /* LoginHandler.swift in Sources */,
				1AEA26F01D380C0100B3CD75 /* Constants.swift in Sources */,
				1AEA26FE1D380C3A00B3CD75 /* IntroViewController.swift in Sources */,
				1AEA26FF1D380C3A00B3CD75 /* SetupViewController.swift in Sources */,
				1AC1B74B1D392CDB005DA71A /* Skycons.swift in Sources */,
				1AEA26F61D380C1100B3CD75 /* IntroScrollView.swift in Sources */,
				1A6D38031D3968FE002DAD9B /* Coordinate.swift in Sources */,
				1A6D38011D3968EB002DAD9B /* Forecast.swift in Sources */,
				1AEA26F91D380C1100B3CD75 /* SetupView.swift in Sources */,
				1AEA27011D380C4900B3CD75 /* AppDelegate.swift in Sources */,
				1AEA26EF1D380C0100B3CD75 /* APIHelper.swift in Sources */,
				1AC1B7451D391242005DA71A /* MainViewController.swift in Sources */,
				1A6D37FF1D393704002DAD9B /* SettingsViewController.swift in Sources */,
			);
			runOnlyForDeploymentPostprocessing = 0;
		};
		1AE7B4FB1D09E95F00D0DC9F /* Sources */ = {
			isa = PBXSourcesBuildPhase;
			buildActionMask = 2147483647;
			files = (
			);
			runOnlyForDeploymentPostprocessing = 0;
		};
		1AE7B5061D09E95F00D0DC9F /* Sources */ = {
			isa = PBXSourcesBuildPhase;
			buildActionMask = 2147483647;
			files = (
			);
			runOnlyForDeploymentPostprocessing = 0;
		};
/* End PBXSourcesBuildPhase section */

/* Begin PBXTargetDependency section */
		1AE7B5011D09E95F00D0DC9F /* PBXTargetDependency */ = {
			isa = PBXTargetDependency;
			target = 1AE7B4E71D09E95E00D0DC9F /* OneCast */;
			targetProxy = 1AE7B5001D09E95F00D0DC9F /* PBXContainerItemProxy */;
		};
		1AE7B50C1D09E95F00D0DC9F /* PBXTargetDependency */ = {
			isa = PBXTargetDependency;
			target = 1AE7B4E71D09E95E00D0DC9F /* OneCast */;
			targetProxy = 1AE7B50B1D09E95F00D0DC9F /* PBXContainerItemProxy */;
		};
/* End PBXTargetDependency section */

/* Begin PBXVariantGroup section */
		1AEA27021D380C5800B3CD75 /* Main.storyboard */ = {
			isa = PBXVariantGroup;
			children = (
				1AEA27031D380C5800B3CD75 /* Base */,
			);
			name = Main.storyboard;
			sourceTree = "<group>";
		};
		1AEA27141D380FF400B3CD75 /* LaunchScreen.storyboard */ = {
			isa = PBXVariantGroup;
			children = (
				1AEA27151D380FF400B3CD75 /* Base */,
			);
			name = LaunchScreen.storyboard;
			sourceTree = "<group>";
		};
/* End PBXVariantGroup section */

/* Begin XCBuildConfiguration section */
		1AE7B5111D09E95F00D0DC9F /* Debug */ = {
			isa = XCBuildConfiguration;
			buildSettings = {
				ALWAYS_SEARCH_USER_PATHS = NO;
				CLANG_ANALYZER_NONNULL = YES;
				CLANG_CXX_LANGUAGE_STANDARD = "gnu++0x";
				CLANG_CXX_LIBRARY = "libc++";
				CLANG_ENABLE_MODULES = YES;
				CLANG_ENABLE_OBJC_ARC = YES;
				CLANG_WARN_BOOL_CONVERSION = YES;
				CLANG_WARN_CONSTANT_CONVERSION = YES;
				CLANG_WARN_DIRECT_OBJC_ISA_USAGE = YES_ERROR;
				CLANG_WARN_EMPTY_BODY = YES;
				CLANG_WARN_ENUM_CONVERSION = YES;
				CLANG_WARN_INT_CONVERSION = YES;
				CLANG_WARN_OBJC_ROOT_CLASS = YES_ERROR;
				CLANG_WARN_UNREACHABLE_CODE = YES;
				CLANG_WARN__DUPLICATE_METHOD_MATCH = YES;
				CODE_SIGN_IDENTITY = "iPhone Developer: Matthew Gioe (X7W52A2NLE)";
				"CODE_SIGN_IDENTITY[sdk=iphoneos*]" = "iPhone Developer";
				COPY_PHASE_STRIP = NO;
				DEBUG_INFORMATION_FORMAT = dwarf;
				ENABLE_STRICT_OBJC_MSGSEND = YES;
				ENABLE_TESTABILITY = YES;
				GCC_C_LANGUAGE_STANDARD = gnu99;
				GCC_DYNAMIC_NO_PIC = NO;
				GCC_NO_COMMON_BLOCKS = YES;
				GCC_OPTIMIZATION_LEVEL = 0;
				GCC_PREPROCESSOR_DEFINITIONS = (
					"DEBUG=1",
					"$(inherited)",
				);
				GCC_WARN_64_TO_32_BIT_CONVERSION = YES;
				GCC_WARN_ABOUT_RETURN_TYPE = YES_ERROR;
				GCC_WARN_UNDECLARED_SELECTOR = YES;
				GCC_WARN_UNINITIALIZED_AUTOS = YES_AGGRESSIVE;
				GCC_WARN_UNUSED_FUNCTION = YES;
				GCC_WARN_UNUSED_VARIABLE = YES;
				IPHONEOS_DEPLOYMENT_TARGET = 9.3;
				MTL_ENABLE_DEBUG_INFO = YES;
				ONLY_ACTIVE_ARCH = YES;
				PROVISIONING_PROFILE = "c8ccec7a-0955-4323-a478-764f4efd9793";
				SDKROOT = iphoneos;
				SWIFT_OPTIMIZATION_LEVEL = "-Onone";
				TARGETED_DEVICE_FAMILY = "1,2";
			};
			name = Debug;
		};
		1AE7B5121D09E95F00D0DC9F /* Release */ = {
			isa = XCBuildConfiguration;
			buildSettings = {
				ALWAYS_SEARCH_USER_PATHS = NO;
				CLANG_ANALYZER_NONNULL = YES;
				CLANG_CXX_LANGUAGE_STANDARD = "gnu++0x";
				CLANG_CXX_LIBRARY = "libc++";
				CLANG_ENABLE_MODULES = YES;
				CLANG_ENABLE_OBJC_ARC = YES;
				CLANG_WARN_BOOL_CONVERSION = YES;
				CLANG_WARN_CONSTANT_CONVERSION = YES;
				CLANG_WARN_DIRECT_OBJC_ISA_USAGE = YES_ERROR;
				CLANG_WARN_EMPTY_BODY = YES;
				CLANG_WARN_ENUM_CONVERSION = YES;
				CLANG_WARN_INT_CONVERSION = YES;
				CLANG_WARN_OBJC_ROOT_CLASS = YES_ERROR;
				CLANG_WARN_UNREACHABLE_CODE = YES;
				CLANG_WARN__DUPLICATE_METHOD_MATCH = YES;
				CODE_SIGN_IDENTITY = "iPhone Developer: Matthew Gioe (X7W52A2NLE)";
				"CODE_SIGN_IDENTITY[sdk=iphoneos*]" = "iPhone Developer";
				COPY_PHASE_STRIP = NO;
				DEBUG_INFORMATION_FORMAT = "dwarf-with-dsym";
				ENABLE_NS_ASSERTIONS = NO;
				ENABLE_STRICT_OBJC_MSGSEND = YES;
				GCC_C_LANGUAGE_STANDARD = gnu99;
				GCC_NO_COMMON_BLOCKS = YES;
				GCC_WARN_64_TO_32_BIT_CONVERSION = YES;
				GCC_WARN_ABOUT_RETURN_TYPE = YES_ERROR;
				GCC_WARN_UNDECLARED_SELECTOR = YES;
				GCC_WARN_UNINITIALIZED_AUTOS = YES_AGGRESSIVE;
				GCC_WARN_UNUSED_FUNCTION = YES;
				GCC_WARN_UNUSED_VARIABLE = YES;
				IPHONEOS_DEPLOYMENT_TARGET = 9.3;
				MTL_ENABLE_DEBUG_INFO = NO;
				PROVISIONING_PROFILE = "c8ccec7a-0955-4323-a478-764f4efd9793";
				SDKROOT = iphoneos;
				TARGETED_DEVICE_FAMILY = "1,2";
				VALIDATE_PRODUCT = YES;
			};
			name = Release;
		};
		1AE7B5141D09E95F00D0DC9F /* Debug */ = {
			isa = XCBuildConfiguration;
			baseConfigurationReference = 4CC1621C46B78B21E48D5A23 /* Pods-1Cast.debug.xcconfig */;
			buildSettings = {
				ALWAYS_EMBED_SWIFT_STANDARD_LIBRARIES = YES;
				ASSETCATALOG_COMPILER_APPICON_NAME = AppIcon;
				INFOPLIST_FILE = 1Cast/Info.plist;
				LD_RUNPATH_SEARCH_PATHS = "$(inherited) @executable_path/Frameworks";
				PRODUCT_BUNDLE_IDENTIFIER = com.MWG.1Cast;
				PRODUCT_NAME = OneCast;
				PROVISIONING_PROFILE = "9be8f448-99d9-4f84-90f7-5026ddbb590a";
				SWIFT_VERSION = 3.0;
			};
			name = Debug;
		};
		1AE7B5151D09E95F00D0DC9F /* Release */ = {
			isa = XCBuildConfiguration;
			baseConfigurationReference = 558D770B2016DD9A01606E92 /* Pods-1Cast.release.xcconfig */;
			buildSettings = {
				ALWAYS_EMBED_SWIFT_STANDARD_LIBRARIES = YES;
				ASSETCATALOG_COMPILER_APPICON_NAME = AppIcon;
				INFOPLIST_FILE = 1Cast/Info.plist;
				LD_RUNPATH_SEARCH_PATHS = "$(inherited) @executable_path/Frameworks";
				PRODUCT_BUNDLE_IDENTIFIER = com.MWG.1Cast;
				PRODUCT_NAME = OneCast;
				PROVISIONING_PROFILE = "9be8f448-99d9-4f84-90f7-5026ddbb590a";
				SWIFT_OPTIMIZATION_LEVEL = "-Owholemodule";
				SWIFT_VERSION = 3.0;
			};
			name = Release;
		};
		1AE7B5171D09E95F00D0DC9F /* Debug */ = {
			isa = XCBuildConfiguration;
			baseConfigurationReference = 23055982948D4E044315517A /* Pods-1CastTests.debug.xcconfig */;
			buildSettings = {
				BUNDLE_LOADER = "$(TEST_HOST)";
				INFOPLIST_FILE = WeatherTests/Info.plist;
				LD_RUNPATH_SEARCH_PATHS = "$(inherited) @executable_path/Frameworks @loader_path/Frameworks";
				PRODUCT_BUNDLE_IDENTIFIER = MWG.WeatherTests;
				PRODUCT_NAME = OneCast;
				SWIFT_VERSION = 3.0;
				TEST_HOST = "$(BUILT_PRODUCTS_DIR)/OneCast.app/OneCast";
			};
			name = Debug;
		};
		1AE7B5181D09E95F00D0DC9F /* Release */ = {
			isa = XCBuildConfiguration;
			baseConfigurationReference = F83CCC12B935A8551DC2C3E7 /* Pods-1CastTests.release.xcconfig */;
			buildSettings = {
				BUNDLE_LOADER = "$(TEST_HOST)";
				INFOPLIST_FILE = WeatherTests/Info.plist;
				LD_RUNPATH_SEARCH_PATHS = "$(inherited) @executable_path/Frameworks @loader_path/Frameworks";
				PRODUCT_BUNDLE_IDENTIFIER = MWG.WeatherTests;
				PRODUCT_NAME = OneCast;
				SWIFT_OPTIMIZATION_LEVEL = "-Owholemodule";
				SWIFT_VERSION = 3.0;
				TEST_HOST = "$(BUILT_PRODUCTS_DIR)/OneCast.app/OneCast";
			};
			name = Release;
		};
		1AE7B51A1D09E95F00D0DC9F /* Debug */ = {
			isa = XCBuildConfiguration;
			baseConfigurationReference = 90DB478546FFFAA5F73FA004 /* Pods-1CastUITests.debug.xcconfig */;
			buildSettings = {
				INFOPLIST_FILE = WeatherUITests/Info.plist;
				LD_RUNPATH_SEARCH_PATHS = "$(inherited) @executable_path/Frameworks @loader_path/Frameworks";
				PRODUCT_BUNDLE_IDENTIFIER = MWG.WeatherUITests;
				PRODUCT_NAME = OneCast;
				SWIFT_VERSION = 3.0;
				TEST_TARGET_NAME = Weather;
			};
			name = Debug;
		};
		1AE7B51B1D09E95F00D0DC9F /* Release */ = {
			isa = XCBuildConfiguration;
			baseConfigurationReference = 23EAC2417075C9FBE075F054 /* Pods-1CastUITests.release.xcconfig */;
			buildSettings = {
				INFOPLIST_FILE = WeatherUITests/Info.plist;
				LD_RUNPATH_SEARCH_PATHS = "$(inherited) @executable_path/Frameworks @loader_path/Frameworks";
				PRODUCT_BUNDLE_IDENTIFIER = MWG.WeatherUITests;
				PRODUCT_NAME = OneCast;
				SWIFT_OPTIMIZATION_LEVEL = "-Owholemodule";
				SWIFT_VERSION = 3.0;
				TEST_TARGET_NAME = Weather;
			};
			name = Release;
		};
/* End XCBuildConfiguration section */

/* Begin XCConfigurationList section */
		1AE7B4E31D09E95E00D0DC9F /* Build configuration list for PBXProject "OneCast" */ = {
			isa = XCConfigurationList;
			buildConfigurations = (
				1AE7B5111D09E95F00D0DC9F /* Debug */,
				1AE7B5121D09E95F00D0DC9F /* Release */,
			);
			defaultConfigurationIsVisible = 0;
			defaultConfigurationName = Release;
		};
		1AE7B5131D09E95F00D0DC9F /* Build configuration list for PBXNativeTarget "OneCast" */ = {
			isa = XCConfigurationList;
			buildConfigurations = (
				1AE7B5141D09E95F00D0DC9F /* Debug */,
				1AE7B5151D09E95F00D0DC9F /* Release */,
			);
			defaultConfigurationIsVisible = 0;
			defaultConfigurationName = Release;
		};
		1AE7B5161D09E95F00D0DC9F /* Build configuration list for PBXNativeTarget "OneCastTests" */ = {
			isa = XCConfigurationList;
			buildConfigurations = (
				1AE7B5171D09E95F00D0DC9F /* Debug */,
				1AE7B5181D09E95F00D0DC9F /* Release */,
			);
			defaultConfigurationIsVisible = 0;
			defaultConfigurationName = Release;
		};
		1AE7B5191D09E95F00D0DC9F /* Build configuration list for PBXNativeTarget "OneCastUITests" */ = {
			isa = XCConfigurationList;
			buildConfigurations = (
				1AE7B51A1D09E95F00D0DC9F /* Debug */,
				1AE7B51B1D09E95F00D0DC9F /* Release */,
			);
			defaultConfigurationIsVisible = 0;
			defaultConfigurationName = Release;
		};
/* End XCConfigurationList section */
	};
	rootObject = 1AE7B4E01D09E95E00D0DC9F /* Project object */;
}
